
Microsoft Visual Studio Solution File, Format Version 12.00
Project("{FAE04EC0-301F-11D3-BF4B-00C04F79EFBC}") = "MetricsApp", "MetricsApp\MetricsApp.csproj", "{C619F3D7-A08C-452F-9293-6F9F61D7D91C}"
EndProject
Global
	GlobalSection(SolutionConfigurationPlatforms) = preSolution
		Debug|Any CPU = Debug|Any CPU
		Release|Any CPU = Release|Any CPU
	EndGlobalSection
	GlobalSection(ProjectConfigurationPlatforms) = postSolution
		{C619F3D7-A08C-452F-9293-6F9F61D7D91C}.Debug|Any CPU.ActiveCfg = Debug|Any CPU
		{C619F3D7-A08C-452F-9293-6F9F61D7D91C}.Debug|Any CPU.Build.0 = Debug|Any CPU
		{C619F3D7-A08C-452F-9293-6F9F61D7D91C}.Release|Any CPU.ActiveCfg = Release|Any CPU
		{C619F3D7-A08C-452F-9293-6F9F61D7D91C}.Release|Any CPU.Build.0 = Release|Any CPU
	EndGlobalSection
EndGlobal
