
Microsoft Visual Studio Solution File, Format Version 12.00
# Visual Studio Version 17
VisualStudioVersion = 17.4.33122.133
MinimumVisualStudioVersion = 10.0.40219.1
Project("{2150E333-8FDC-42A3-9474-1A3956D46DE8}") = "src", "src", "{011F53F6-DCD0-40FB-8357-A59072ED2AF9}"
EndProject
Project("{2150E333-8FDC-42A3-9474-1A3956D46DE8}") = "Core", "Core", "{A11731A8-C10B-45F5-8FF7-E8381116A80E}"
EndProject
Project("{2150E333-8FDC-42A3-9474-1A3956D46DE8}") = "Infrastructure", "Infrastructure", "{574BA8BD-06C8-46FA-A03A-D3C3C6F0696E}"
EndProject
Project("{2150E333-8FDC-42A3-9474-1A3956D46DE8}") = "Web", "Web", "{BED2853A-856D-447E-86E3-306689C6C0F6}"
EndProject
Project("{9A19103F-16F7-4668-BE54-9A1E7A4F7556}") = "Domain", "src\Core\Domain\Domain.csproj", "{6AA96755-D75A-4070-90B9-9B1A2DF485AC}"
EndProject
Project("{2150E333-8FDC-42A3-9474-1A3956D46DE8}") = "Solution Items", "Solution Items", "{FBFAFE4D-F1C1-4ACD-8113-278FA019E3DF}"
	ProjectSection(SolutionItems) = preProject
		.gitignore = .gitignore
		Directory.Build.targets = Directory.Build.targets
		Directory.Packages.props = Directory.Packages.props
		NuGet.config = NuGet.config
		README.md = README.md
	EndProjectSection
EndProject
Project("{9A19103F-16F7-4668-BE54-9A1E7A4F7556}") = "Host", "src\Web\Host\Host.csproj", "{BDC97390-9043-42B8-80F4-9BAFC7EB366B}"
EndProject
Project("{9A19103F-16F7-4668-BE54-9A1E7A4F7556}") = "Store.Cache", "src\Infrastructure\Store.Cache\Store.Cache.csproj", "{312573BA-2089-4D54-B055-D3D95167EE06}"
EndProject
Project("{9A19103F-16F7-4668-BE54-9A1E7A4F7556}") = "Store.Db", "src\Infrastructure\Store.Db\Store.Db.csproj", "{2D083004-CC72-4A39-BD42-186EBC2E4DC4}"
EndProject
Project("{9A19103F-16F7-4668-BE54-9A1E7A4F7556}") = "Repositories", "src\Infrastructure\Repositories\Repositories.csproj", "{D9918D65-C44A-4D38-BB99-D5E077B47FC2}"
EndProject
Project("{9A19103F-16F7-4668-BE54-9A1E7A4F7556}") = "UseCases", "src\Core\UseCases\UseCases.csproj", "{9E422978-32AC-4A88-8593-8986874D2247}"
EndProject
Global
	GlobalSection(SolutionConfigurationPlatforms) = preSolution
		Debug|Any CPU = Debug|Any CPU
		Release|Any CPU = Release|Any CPU
	EndGlobalSection
	GlobalSection(ProjectConfigurationPlatforms) = postSolution
		{6AA96755-D75A-4070-90B9-9B1A2DF485AC}.Debug|Any CPU.ActiveCfg = Debug|Any CPU
		{6AA96755-D75A-4070-90B9-9B1A2DF485AC}.Debug|Any CPU.Build.0 = Debug|Any CPU
		{6AA96755-D75A-4070-90B9-9B1A2DF485AC}.Release|Any CPU.ActiveCfg = Release|Any CPU
		{6AA96755-D75A-4070-90B9-9B1A2DF485AC}.Release|Any CPU.Build.0 = Release|Any CPU
		{BDC97390-9043-42B8-80F4-9BAFC7EB366B}.Debug|Any CPU.ActiveCfg = Debug|Any CPU
		{BDC97390-9043-42B8-80F4-9BAFC7EB366B}.Debug|Any CPU.Build.0 = Debug|Any CPU
		{BDC97390-9043-42B8-80F4-9BAFC7EB366B}.Release|Any CPU.ActiveCfg = Release|Any CPU
		{BDC97390-9043-42B8-80F4-9BAFC7EB366B}.Release|Any CPU.Build.0 = Release|Any CPU
		{312573BA-2089-4D54-B055-D3D95167EE06}.Debug|Any CPU.ActiveCfg = Debug|Any CPU
		{312573BA-2089-4D54-B055-D3D95167EE06}.Debug|Any CPU.Build.0 = Debug|Any CPU
		{312573BA-2089-4D54-B055-D3D95167EE06}.Release|Any CPU.ActiveCfg = Release|Any CPU
		{312573BA-2089-4D54-B055-D3D95167EE06}.Release|Any CPU.Build.0 = Release|Any CPU
		{2D083004-CC72-4A39-BD42-186EBC2E4DC4}.Debug|Any CPU.ActiveCfg = Debug|Any CPU
		{2D083004-CC72-4A39-BD42-186EBC2E4DC4}.Debug|Any CPU.Build.0 = Debug|Any CPU
		{2D083004-CC72-4A39-BD42-186EBC2E4DC4}.Release|Any CPU.ActiveCfg = Release|Any CPU
		{2D083004-CC72-4A39-BD42-186EBC2E4DC4}.Release|Any CPU.Build.0 = Release|Any CPU
		{D9918D65-C44A-4D38-BB99-D5E077B47FC2}.Debug|Any CPU.ActiveCfg = Debug|Any CPU
		{D9918D65-C44A-4D38-BB99-D5E077B47FC2}.Debug|Any CPU.Build.0 = Debug|Any CPU
		{D9918D65-C44A-4D38-BB99-D5E077B47FC2}.Release|Any CPU.ActiveCfg = Release|Any CPU
		{D9918D65-C44A-4D38-BB99-D5E077B47FC2}.Release|Any CPU.Build.0 = Release|Any CPU
		{9E422978-32AC-4A88-8593-8986874D2247}.Debug|Any CPU.ActiveCfg = Debug|Any CPU
		{9E422978-32AC-4A88-8593-8986874D2247}.Debug|Any CPU.Build.0 = Debug|Any CPU
		{9E422978-32AC-4A88-8593-8986874D2247}.Release|Any CPU.ActiveCfg = Release|Any CPU
		{9E422978-32AC-4A88-8593-8986874D2247}.Release|Any CPU.Build.0 = Release|Any CPU
	EndGlobalSection
	GlobalSection(SolutionProperties) = preSolution
		HideSolutionNode = FALSE
	EndGlobalSection
	GlobalSection(NestedProjects) = preSolution
		{A11731A8-C10B-45F5-8FF7-E8381116A80E} = {011F53F6-DCD0-40FB-8357-A59072ED2AF9}
		{574BA8BD-06C8-46FA-A03A-D3C3C6F0696E} = {011F53F6-DCD0-40FB-8357-A59072ED2AF9}
		{BED2853A-856D-447E-86E3-306689C6C0F6} = {011F53F6-DCD0-40FB-8357-A59072ED2AF9}
		{6AA96755-D75A-4070-90B9-9B1A2DF485AC} = {A11731A8-C10B-45F5-8FF7-E8381116A80E}
		{BDC97390-9043-42B8-80F4-9BAFC7EB366B} = {BED2853A-856D-447E-86E3-306689C6C0F6}
		{312573BA-2089-4D54-B055-D3D95167EE06} = {574BA8BD-06C8-46FA-A03A-D3C3C6F0696E}
		{2D083004-CC72-4A39-BD42-186EBC2E4DC4} = {574BA8BD-06C8-46FA-A03A-D3C3C6F0696E}
		{D9918D65-C44A-4D38-BB99-D5E077B47FC2} = {574BA8BD-06C8-46FA-A03A-D3C3C6F0696E}
		{9E422978-32AC-4A88-8593-8986874D2247} = {A11731A8-C10B-45F5-8FF7-E8381116A80E}
	EndGlobalSection
	GlobalSection(ExtensibilityGlobals) = postSolution
		SolutionGuid = {BC7F5ADD-E8FD-4C57-999C-2B0CF23C806B}
	EndGlobalSection
EndGlobal
