
Microsoft Visual Studio Solution File, Format Version 12.00
Project("{FAE04EC0-301F-11D3-BF4B-00C04F79EFBC}") = "JwtAuthApi", "JwtAuthApi\JwtAuthApi.csproj", "{1CFFA4D3-20B1-46C0-8459-229D25391F7B}"
EndProject
Global
	GlobalSection(SolutionConfigurationPlatforms) = preSolution
		Debug|Any CPU = Debug|Any CPU
		Release|Any CPU = Release|Any CPU
	EndGlobalSection
	GlobalSection(ProjectConfigurationPlatforms) = postSolution
		{1CFFA4D3-20B1-46C0-8459-229D25391F7B}.Debug|Any CPU.ActiveCfg = Debug|Any CPU
		{1CFFA4D3-20B1-46C0-8459-229D25391F7B}.Debug|Any CPU.Build.0 = Debug|Any CPU
		{1CFFA4D3-20B1-46C0-8459-229D25391F7B}.Release|Any CPU.ActiveCfg = Release|Any CPU
		{1CFFA4D3-20B1-46C0-8459-229D25391F7B}.Release|Any CPU.Build.0 = Release|Any CPU
	EndGlobalSection
EndGlobal
