
Microsoft Visual Studio Solution File, Format Version 12.00
# Visual Studio Version 17
VisualStudioVersion = 17.11.35303.130
MinimumVisualStudioVersion = 10.0.40219.1
Project("{9A19103F-16F7-4668-BE54-9A1E7A4F7556}") = "BuyList", "BuyList\BuyList.csproj", "{3325E10B-C514-4F41-9E7D-B29D9AF7BB81}"
EndProject
Project("{2150E333-8FDC-42A3-9474-1A3956D46DE8}") = "Элементы решения", "Элементы решения", "{11E3D75F-B249-4172-A124-C8B927B17588}"
	ProjectSection(SolutionItems) = preProject
		Dockerfile = Dockerfile
	EndProjectSection
EndProject
Global
	GlobalSection(SolutionConfigurationPlatforms) = preSolution
		Debug|Any CPU = Debug|Any CPU
		Release|Any CPU = Release|Any CPU
	EndGlobalSection
	GlobalSection(ProjectConfigurationPlatforms) = postSolution
		{3325E10B-C514-4F41-9E7D-B29D9AF7BB81}.Debug|Any CPU.ActiveCfg = Debug|Any CPU
		{3325E10B-C514-4F41-9E7D-B29D9AF7BB81}.Debug|Any CPU.Build.0 = Debug|Any CPU
		{3325E10B-C514-4F41-9E7D-B29D9AF7BB81}.Release|Any CPU.ActiveCfg = Release|Any CPU
		{3325E10B-C514-4F41-9E7D-B29D9AF7BB81}.Release|Any CPU.Build.0 = Release|Any CPU
	EndGlobalSection
	GlobalSection(SolutionProperties) = preSolution
		HideSolutionNode = FALSE
	EndGlobalSection
	GlobalSection(ExtensibilityGlobals) = postSolution
		SolutionGuid = {12F5D5A4-40C1-40B1-AFAC-CA9ACF61060F}
	EndGlobalSection
EndGlobal
